
Microsoft Visual Studio Solution File, Format Version 12.00
# Visual Studio Version 17
VisualStudioVersion = 17.0.31903.59
MinimumVisualStudioVersion = 10.0.40219.1
Project("{FAE04EC0-301F-11D3-BF4B-00C04F79EFBC}") = "SridWktProvider", "SridWktProvider\SridWktProvider.csproj", "{031685F5-C841-490C-A366-C0E45FD6F925}"
EndProject
Project("{FAE04EC0-301F-11D3-BF4B-00C04F79EFBC}") = "SridWktProvider.Tests", "SridWktProvider.Tests\SridWktProvider.Tests.csproj", "{2F58DBA3-A084-4737-88D1-EDFD35BE3B1A}"
EndProject
Global
	GlobalSection(SolutionConfigurationPlatforms) = preSolution
		Debug|Any CPU = Debug|Any CPU
		Release|Any CPU = Release|Any CPU
	EndGlobalSection
	GlobalSection(SolutionProperties) = preSolution
		HideSolutionNode = FALSE
	EndGlobalSection
	GlobalSection(ProjectConfigurationPlatforms) = postSolution
		{031685F5-C841-490C-A366-C0E45FD6F925}.Debug|Any CPU.ActiveCfg = Debug|Any CPU
		{031685F5-C841-490C-A366-C0E45FD6F925}.Debug|Any CPU.Build.0 = Debug|Any CPU
		{031685F5-C841-490C-A366-C0E45FD6F925}.Release|Any CPU.ActiveCfg = Release|Any CPU
		{031685F5-C841-490C-A366-C0E45FD6F925}.Release|Any CPU.Build.0 = Release|Any CPU
		{2F58DBA3-A084-4737-88D1-EDFD35BE3B1A}.Debug|Any CPU.ActiveCfg = Debug|Any CPU
		{2F58DBA3-A084-4737-88D1-EDFD35BE3B1A}.Debug|Any CPU.Build.0 = Debug|Any CPU
		{2F58DBA3-A084-4737-88D1-EDFD35BE3B1A}.Release|Any CPU.ActiveCfg = Release|Any CPU
		{2F58DBA3-A084-4737-88D1-EDFD35BE3B1A}.Release|Any CPU.Build.0 = Release|Any CPU
	EndGlobalSection
EndGlobal
